hash: b73e5fe59aef61fd10b68fc7689966f620811b5b4e07e0f9b3bc5e823b150a62
updated: 2017-08-08T19:19:20.5386191Z
imports:
- name: github.com/bitly/go-nsq
  version: 1336c299dd900d045fb6df51fc02adf26cde5414
- name: github.com/corpix/formats
  version: db532770e3ecf9dfe31ce2f7bf30c1c26f67e417
- name: github.com/corpix/logger
  version: 143b9234f91396658f50b727c96c064aa9404d96
  subpackages:
  - logrus
  - target/logrus
- name: github.com/corpix/pool
  version: 2396288b6b816f5330c0b92798177655e2509d06
- name: github.com/corpix/queues
  version: 51419122976242b24d5d35e8074cd5dc1698bb40
  subpackages:
  - consumer
  - errors
  - message
  - producer
  - queue/channel
  - queue/kafka
  - queue/nsq
- name: github.com/corpix/trade
  version: af7797357d5f5ed2d165b2f0bfce307fc44aeb28
  subpackages:
  - errors
  - market
- name: github.com/davecgh/go-spew
  version: 346938d642f2ec3594ed81d874461961cd0faa76
  subpackages:
  - spew
- name: github.com/eapache/go-resiliency
  version: b1fe83b5b03f624450823b751b662259ffc6af70
  subpackages:
  - breaker
- name: github.com/eapache/go-xerial-snappy
  version: bb955e01b9346ac19dc29eb16586c90ded99a98c
- name: github.com/eapache/queue
  version: 44cc805cf13205b55f69e14bcb69867d1ae92f98
- name: github.com/fatih/structs
  version: 7e5a8eef611ee84dd359503f3969f80df4c50723
- name: github.com/gobwas/httphead
  version: d8ef83dd38eff6fae44a0397340fd8a42ffd6664
- name: github.com/gobwas/pool
  version: 3b1125366fbfa86ec9f7bf65def782885c646a01
  subpackages:
  - pbufio
  - pbytes
- name: github.com/gobwas/ws
  version: b6cec4e1d2c07b3a5e84604b320e0e5b085cf01b
  subpackages:
  - wsutil
- name: github.com/golang/snappy
  version: 553a641470496b2327abcac10b36396bd98e45c9
- name: github.com/gorilla/context
  version: 08b5f424b9271eedf6f9f0ce86cb9396ed337a42
- name: github.com/gorilla/mux
  version: ac112f7d75a0714af1bd86ab17749b31f7809640
- name: github.com/jinzhu/copier
  version: 8bfca8a02a0ce12119cdc4974143c834ca589257
- name: github.com/orcaman/concurrent-map
  version: 2ae17bc4c860c83513ee50feb9746f3e50d7515d
- name: github.com/pierrec/lz4
  version: 5a3d2245f97fc249850e7802e3c01fad02a1c316
- name: github.com/pierrec/xxHash
  version: a0006b13c722f7f12368c00a3d3c2ae8a999a0c6
  subpackages:
  - xxHash32
- name: github.com/rcrowley/go-metrics
  version: 1f30fe9094a513ce4c700b9a54458bbb0c96996c
- name: github.com/Shopify/sarama
  version: 2fd980e23bdcbb8edeb78fc704de0c39a6567ffc
- name: github.com/sirupsen/logrus
  version: 7f976d3a76720c4c27af2ba716b85d2e0a7e38b1
- name: github.com/urfave/cli
  version: 0bdeddeeb0f650497d603c4ad7b20cfe685682f6
- name: golang.org/x/sys
  version: 47bdb838cce8879fca08207206a5dfde2f2538bc
  subpackages:
  - unix
- name: gopkg.in/yaml.v2
  version: 25c4ec802a7d637f88d584ab26798e94ad14c13b
testImports:
- name: github.com/pmezard/go-difflib
  version: 792786c7400a136282c1664665ae0a8db921c6c2
  subpackages:
  - difflib
- name: github.com/stretchr/testify
  version: 05e8a0eda380579888eb53c394909df027f06991
  subpackages:
  - assert
