hash: baee863f7790d16c0d21de21c34a1637bc7c30f0850dd1f6863b7ff2a53524c3
updated: 2017-09-03T12:53:44.464219008Z
imports:
- name: github.com/bitly/go-nsq
  version: d71fb89c9e0263aaed89645b0b168e11ccf597b1
- name: github.com/corpix/formats
  version: db532770e3ecf9dfe31ce2f7bf30c1c26f67e417
- name: github.com/corpix/loggers
  version: d5c1e84397f24c1cde4386e0cc158f2dbc49e54f
  subpackages:
  - logger/logrus
  - logger/prefixwrapper
  - target/logrus
- name: github.com/corpix/pool
  version: 2396288b6b816f5330c0b92798177655e2509d06
- name: github.com/corpix/queues
  version: 108d9f1bcd92cb6cacde0336f0f895d937a93427
  subpackages:
  - consumer
  - errors
  - message
  - producer
  - queue/channel
  - queue/kafka
  - queue/nsq
- name: github.com/corpix/trade
  version: be34f9a7da47252c822dc4fe9aad222ff853559e
  subpackages:
  - market
- name: github.com/davecgh/go-spew
  version: a476722483882dd40b8111f0eb64e1d7f43f56e4
  subpackages:
  - spew
- name: github.com/eapache/go-resiliency
  version: b1fe83b5b03f624450823b751b662259ffc6af70
  subpackages:
  - breaker
- name: github.com/eapache/go-xerial-snappy
  version: bb955e01b9346ac19dc29eb16586c90ded99a98c
- name: github.com/eapache/queue
  version: 44cc805cf13205b55f69e14bcb69867d1ae92f98
- name: github.com/fatih/structs
  version: 7e5a8eef611ee84dd359503f3969f80df4c50723
- name: github.com/gobwas/httphead
  version: d8ef83dd38eff6fae44a0397340fd8a42ffd6664
- name: github.com/gobwas/pool
  version: 32dbaa12caca20fad12253c30591227e04f62cdd
  subpackages:
  - pbufio
  - pbytes
- name: github.com/gobwas/ws
  version: e76b8ddad654b65e621175732059786ae714ebbf
  subpackages:
  - wsutil
- name: github.com/golang/snappy
  version: 553a641470496b2327abcac10b36396bd98e45c9
- name: github.com/gorilla/context
  version: 08b5f424b9271eedf6f9f0ce86cb9396ed337a42
- name: github.com/gorilla/mux
  version: bb285ea687c5c77bb6935fdb2402b121d8efcbec
- name: github.com/imdario/mergo
  version: e3000cb3d28c72b837601cac94debd91032d19fe
- name: github.com/mreiferson/go-snappystream
  version: 028eae7ab5c4c9e2d1cb4c4ca1e53259bbe7e504
  subpackages:
  - snappy-go
- name: github.com/orcaman/concurrent-map
  version: 2ae17bc4c860c83513ee50feb9746f3e50d7515d
- name: github.com/pierrec/lz4
  version: 08c27939df1bd95e881e2c2367a749964ad1fceb
- name: github.com/pierrec/xxHash
  version: a0006b13c722f7f12368c00a3d3c2ae8a999a0c6
  subpackages:
  - xxHash32
- name: github.com/rcrowley/go-metrics
  version: 1f30fe9094a513ce4c700b9a54458bbb0c96996c
- name: github.com/satori/go.uuid
  version: 5bf94b69c6b68ee1b541973bb8e1144db23a194b
- name: github.com/Shopify/sarama
  version: c01858abb625b73a3af51d0798e4ad42c8147093
- name: github.com/sirupsen/logrus
  version: 7f976d3a76720c4c27af2ba716b85d2e0a7e38b1
- name: github.com/urfave/cli
  version: f017f86fccc5a039a98f23311f34fdf78b014f78
- name: golang.org/x/sys
  version: 7ddbeae9ae08c6a06a59597f0c9edbc5ff2444ce
  subpackages:
  - unix
- name: gopkg.in/yaml.v2
  version: eb3733d160e74a9c7e442f435eb3bea458e1d19f
testImports:
- name: github.com/pmezard/go-difflib
  version: d8ed2627bdf02c080bf22230dbb337003b7aba2d
  subpackages:
  - difflib
- name: github.com/stretchr/testify
  version: 890a5c3458b43e6104ff5da8dfa139d013d77544
  subpackages:
  - assert
